// !$*UTF8*$!
{
	archiveVersion = 1;
	classes = {
	};
	objectVersion = 50;
	objects = {

/* Begin PBXBuildFile section */
		38D8D93123E0EDF7008023CD /* AppDelegate.swift in Sources */ = {isa = PBXBuildFile; fileRef = 38D8D93023E0EDF6008023CD /* AppDelegate.swift */; };
		38D8D93323E0EDF7008023CD /* Level-1.sks in Resources */ = {isa = PBXBuildFile; fileRef = 38D8D93223E0EDF7008023CD /* Level-1.sks */; };
		38D8D93723E0EDF7008023CD /* GameScene.swift in Sources */ = {isa = PBXBuildFile; fileRef = 38D8D93623E0EDF7008023CD /* GameScene.swift */; };
		38D8D93923E0EDF7008023CD /* GameViewController.swift in Sources */ = {isa = PBXBuildFile; fileRef = 38D8D93823E0EDF7008023CD /* GameViewController.swift */; };
		38D8D93C23E0EDF7008023CD /* Main.storyboard in Resources */ = {isa = PBXBuildFile; fileRef = 38D8D93A23E0EDF7008023CD /* Main.storyboard */; };
		38D8D93E23E0EDF9008023CD /* Assets.xcassets in Resources */ = {isa = PBXBuildFile; fileRef = 38D8D93D23E0EDF9008023CD /* Assets.xcassets */; };
		38D8D94123E0EDF9008023CD /* LaunchScreen.storyboard in Resources */ = {isa = PBXBuildFile; fileRef = 38D8D93F23E0EDF9008023CD /* LaunchScreen.storyboard */; };
		38D8D94B23E0EEEA008023CD /* Smashing-Things.atlas in Resources */ = {isa = PBXBuildFile; fileRef = 38D8D94A23E0EEEA008023CD /* Smashing-Things.atlas */; };
		38D8D94D23E0F2A8008023CD /* Orange.swift in Sources */ = {isa = PBXBuildFile; fileRef = 38D8D94C23E0F2A8008023CD /* Orange.swift */; };
/* End PBXBuildFile section */

/* Begin PBXFileReference section */
		38D8D92D23E0EDF6008023CD /* OrangeTree.app */ = {isa = PBXFileReference; explicitFileType = wrapper.application; includeInIndex = 0; path = OrangeTree.app; sourceTree = BUILT_PRODUCTS_DIR; };
		38D8D93023E0EDF6008023CD /* AppDelegate.swift */ = {isa = PBXFileReference; lastKnownFileType = sourcecode.swift; path = AppDelegate.swift; sourceTree = "<group>"; };
		38D8D93223E0EDF7008023CD /* Level-1.sks */ = {isa = PBXFileReference; lastKnownFileType = file.sks; path = "Level-1.sks"; sourceTree = "<group>"; };
		38D8D93623E0EDF7008023CD /* GameScene.swift */ = {isa = PBXFileReference; lastKnownFileType = sourcecode.swift; path = GameScene.swift; sourceTree = "<group>"; };
		38D8D93823E0EDF7008023CD /* GameViewController.swift */ = {isa = PBXFileReference; lastKnownFileType = sourcecode.swift; path = GameViewController.swift; sourceTree = "<group>"; };
		38D8D93B23E0EDF7008023CD /* Base */ = {isa = PBXFileReference; lastKnownFileType = file.storyboard; name = Base; path = Base.lproj/Main.storyboard; sourceTree = "<group>"; };
		38D8D93D23E0EDF9008023CD /* Assets.xcassets */ = {isa = PBXFileReference; lastKnownFileType = folder.assetcatalog; path = Assets.xcassets; sourceTree = "<group>"; };
		38D8D94023E0EDF9008023CD /* Base */ = {isa = PBXFileReference; lastKnownFileType = file.storyboard; name = Base; path = Base.lproj/LaunchScreen.storyboard; sourceTree = "<group>"; };
		38D8D94223E0EDF9008023CD /* Info.plist */ = {isa = PBXFileReference; lastKnownFileType = text.plist.xml; path = Info.plist; sourceTree = "<group>"; };
		38D8D94A23E0EEEA008023CD /* Smashing-Things.atlas */ = {isa = PBXFileReference; lastKnownFileType = folder.skatlas; path = "Smashing-Things.atlas"; sourceTree = "<group>"; };
		38D8D94C23E0F2A8008023CD /* Orange.swift */ = {isa = PBXFileReference; lastKnownFileType = sourcecode.swift; path = Orange.swift; sourceTree = "<group>"; };
		38D8D94F23E90902008023CD /* Level-3.sks */ = {isa = PBXFileReference; lastKnownFileType = file.sks; path = "Level-3.sks"; sourceTree = "<group>"; };
		38D8D95023EA20E7008023CD /* Level-2.sks */ = {isa = PBXFileReference; lastKnownFileType = file.sks; path = "Level-2.sks"; sourceTree = "<group>"; };
/* End PBXFileReference section */

/* Begin PBXFrameworksBuildPhase section */
		38D8D92A23E0EDF6008023CD /* Frameworks */ = {
			isa = PBXFrameworksBuildPhase;
			buildActionMask = 2147483647;
			files = (
			);
			runOnlyForDeploymentPostprocessing = 0;
		};
/* End PBXFrameworksBuildPhase section */

/* Begin PBXGroup section */
		38D8D92423E0EDF6008023CD = {
			isa = PBXGroup;
			children = (
				38D8D92F23E0EDF6008023CD /* OrangeTree */,
				38D8D92E23E0EDF6008023CD /* Products */,
				38D8D94A23E0EEEA008023CD /* Smashing-Things.atlas */,
			);
			sourceTree = "<group>";
		};
		38D8D92E23E0EDF6008023CD /* Products */ = {
			isa = PBXGroup;
			children = (
				38D8D92D23E0EDF6008023CD /* OrangeTree.app */,
			);
			name = Products;
			sourceTree = "<group>";
		};
		38D8D92F23E0EDF6008023CD /* OrangeTree */ = {
			isa = PBXGroup;
			children = (
				38D8D93023E0EDF6008023CD /* AppDelegate.swift */,
				38D8D93223E0EDF7008023CD /* Level-1.sks */,
				38D8D95023EA20E7008023CD /* Level-2.sks */,
				38D8D94F23E90902008023CD /* Level-3.sks */,
				38D8D93623E0EDF7008023CD /* GameScene.swift */,
				38D8D93823E0EDF7008023CD /* GameViewController.swift */,
				38D8D94C23E0F2A8008023CD /* Orange.swift */,
				38D8D93A23E0EDF7008023CD /* Main.storyboard */,
				38D8D93D23E0EDF9008023CD /* Assets.xcassets */,
				38D8D93F23E0EDF9008023CD /* LaunchScreen.storyboard */,
				38D8D94223E0EDF9008023CD /* Info.plist */,
			);
			path = OrangeTree;
			sourceTree = "<group>";
		};
/* End PBXGroup section */

/* Begin PBXNativeTarget section */
		38D8D92C23E0EDF6008023CD /* OrangeTree */ = {
			isa = PBXNativeTarget;
			buildConfigurationList = 38D8D94523E0EDF9008023CD /* Build configuration list for PBXNativeTarget "OrangeTree" */;
			buildPhases = (
				38D8D92923E0EDF6008023CD /* Sources */,
				38D8D92A23E0EDF6008023CD /* Frameworks */,
				38D8D92B23E0EDF6008023CD /* Resources */,
			);
			buildRules = (
			);
			dependencies = (
			);
			name = OrangeTree;
			productName = OrangeTree;
			productReference = 38D8D92D23E0EDF6008023CD /* OrangeTree.app */;
			productType = "com.apple.product-type.application";
		};
/* End PBXNativeTarget section */

/* Begin PBXProject section */
		38D8D92523E0EDF6008023CD /* Project object */ = {
			isa = PBXProject;
			attributes = {
				LastSwiftUpdateCheck = 1130;
				LastUpgradeCheck = 1130;
				ORGANIZATIONNAME = "Hanna Miller";
				TargetAttributes = {
					38D8D92C23E0EDF6008023CD = {
						CreatedOnToolsVersion = 11.3.1;
					};
				};
			};
			buildConfigurationList = 38D8D92823E0EDF6008023CD /* Build configuration list for PBXProject "OrangeTree" */;
			compatibilityVersion = "Xcode 9.3";
			developmentRegion = en;
			hasScannedForEncodings = 0;
			knownRegions = (
				en,
				Base,
			);
			mainGroup = 38D8D92423E0EDF6008023CD;
			productRefGroup = 38D8D92E23E0EDF6008023CD /* Products */;
			projectDirPath = "";
			projectRoot = "";
			targets = (
				38D8D92C23E0EDF6008023CD /* OrangeTree */,
			);
		};
/* End PBXProject section */

/* Begin PBXResourcesBuildPhase section */
		38D8D92B23E0EDF6008023CD /* Resources */ = {
			isa = PBXResourcesBuildPhase;
			buildActionMask = 2147483647;
			files = (
				38D8D94B23E0EEEA008023CD /* Smashing-Things.atlas in Resources */,
				38D8D93C23E0EDF7008023CD /* Main.storyboard in Resources */,
				38D8D93323E0EDF7008023CD /* Level-1.sks in Resources */,
				38D8D93E23E0EDF9008023CD /* Assets.xcassets in Resources */,
				38D8D94123E0EDF9008023CD /* LaunchScreen.storyboard in Resources */,
			);
			runOnlyForDeploymentPostprocessing = 0;
		};
/* End PBXResourcesBuildPhase section */

/* Begin PBXSourcesBuildPhase section */
		38D8D92923E0EDF6008023CD /* Sources */ = {
			isa = PBXSourcesBuildPhase;
			buildActionMask = 2147483647;
			files = (
				38D8D93723E0EDF7008023CD /* GameScene.swift in Sources */,
				38D8D93923E0EDF7008023CD /* GameViewController.swift in Sources */,
				38D8D93123E0EDF7008023CD /* AppDelegate.swift in Sources */,
				38D8D94D23E0F2A8008023CD /* Orange.swift in Sources */,
			);
			runOnlyForDeploymentPostprocessing = 0;
		};
/* End PBXSourcesBuildPhase section */

/* Begin PBXVariantGroup section */
		38D8D93A23E0EDF7008023CD /* Main.storyboard */ = {
			isa = PBXVariantGroup;
			children = (
				38D8D93B23E0EDF7008023CD /* Base */,
			);
			name = Main.storyboard;
			sourceTree = "<group>";
		};
		38D8D93F23E0EDF9008023CD /* LaunchScreen.storyboard */ = {
			isa = PBXVariantGroup;
			children = (
				38D8D94023E0EDF9008023CD /* Base */,
			);
			name = LaunchScreen.storyboard;
			sourceTree = "<group>";
		};
/* End PBXVariantGroup section */

/* Begin XCBuildConfiguration section */
		38D8D94323E0EDF9008023CD /* Debug */ = {
			isa = XCBuildConfiguration;
			buildSettings = {
				ALWAYS_SEARCH_USER_PATHS = NO;
				CLANG_ANALYZER_NONNULL = YES;
				CLANG_ANALYZER_NUMBER_OBJECT_CONVERSION = YES_AGGRESSIVE;
				CLANG_CXX_LANGUAGE_STANDARD = "gnu++14";
				CLANG_CXX_LIBRARY = "libc++";
				CLANG_ENABLE_MODULES = YES;
				CLANG_ENABLE_OBJC_ARC = YES;
				CLANG_ENABLE_OBJC_WEAK = YES;
				CLANG_WARN_BLOCK_CAPTURE_AUTORELEASING = YES;
				CLANG_WARN_BOOL_CONVERSION = YES;
				CLANG_WARN_COMMA = YES;
				CLANG_WARN_CONSTANT_CONVERSION = YES;
				CLANG_WARN_DEPRECATED_OBJC_IMPLEMENTATIONS = YES;
				CLANG_WARN_DIRECT_OBJC_ISA_USAGE = YES_ERROR;
				CLANG_WARN_DOCUMENTATION_COMMENTS = YES;
				CLANG_WARN_EMPTY_BODY = YES;
				CLANG_WARN_ENUM_CONVERSION = YES;
				CLANG_WARN_INFINITE_RECURSION = YES;
				CLANG_WARN_INT_CONVERSION = YES;
				CLANG_WARN_NON_LITERAL_NULL_CONVERSION = YES;
				CLANG_WARN_OBJC_IMPLICIT_RETAIN_SELF = YES;
				CLANG_WARN_OBJC_LITERAL_CONVERSION = YES;
				CLANG_WARN_OBJC_ROOT_CLASS = YES_ERROR;
				CLANG_WARN_RANGE_LOOP_ANALYSIS = YES;
				CLANG_WARN_STRICT_PROTOTYPES = YES;
				CLANG_WARN_SUSPICIOUS_MOVE = YES;
				CLANG_WARN_UNGUARDED_AVAILABILITY = YES_AGGRESSIVE;
				CLANG_WARN_UNREACHABLE_CODE = YES;
				CLANG_WARN__DUPLICATE_METHOD_MATCH = YES;
				COPY_PHASE_STRIP = NO;
				DEBUG_INFORMATION_FORMAT = dwarf;
				ENABLE_STRICT_OBJC_MSGSEND = YES;
				ENABLE_TESTABILITY = YES;
				GCC_C_LANGUAGE_STANDARD = gnu11;
				GCC_DYNAMIC_NO_PIC = NO;
				GCC_NO_COMMON_BLOCKS = YES;
				GCC_OPTIMIZATION_LEVEL = 0;
				GCC_PREPROCESSOR_DEFINITIONS = (
					"DEBUG=1",
					"$(inherited)",
				);
				GCC_WARN_64_TO_32_BIT_CONVERSION = YES;
				GCC_WARN_ABOUT_RETURN_TYPE = YES_ERROR;
				GCC_WARN_UNDECLARED_SELECTOR = YES;
				GCC_WARN_UNINITIALIZED_AUTOS = YES_AGGRESSIVE;
				GCC_WARN_UNUSED_FUNCTION = YES;
				GCC_WARN_UNUSED_VARIABLE = YES;
				IPHONEOS_DEPLOYMENT_TARGET = 13.2;
				MTL_ENABLE_DEBUG_INFO = INCLUDE_SOURCE;
				MTL_FAST_MATH = YES;
				ONLY_ACTIVE_ARCH = YES;
				SDKROOT = iphoneos;
				SWIFT_ACTIVE_COMPILATION_CONDITIONS = DEBUG;
				SWIFT_OPTIMIZATION_LEVEL = "-Onone";
			};
			name = Debug;
		};
		38D8D94423E0EDF9008023CD /* Release */ = {
			isa = XCBuildConfiguration;
			buildSettings = {
				ALWAYS_SEARCH_USER_PATHS = NO;
				CLANG_ANALYZER_NONNULL = YES;
				CLANG_ANALYZER_NUMBER_OBJECT_CONVERSION = YES_AGGRESSIVE;
				CLANG_CXX_LANGUAGE_STANDARD = "gnu++14";
				CLANG_CXX_LIBRARY = "libc++";
				CLANG_ENABLE_MODULES = YES;
				CLANG_ENABLE_OBJC_ARC = YES;
				CLANG_ENABLE_OBJC_WEAK = YES;
				CLANG_WARN_BLOCK_CAPTURE_AUTORELEASING = YES;
				CLANG_WARN_BOOL_CONVERSION = YES;
				CLANG_WARN_COMMA = YES;
				CLANG_WARN_CONSTANT_CONVERSION = YES;
				CLANG_WARN_DEPRECATED_OBJC_IMPLEMENTATIONS = YES;
				CLANG_WARN_DIRECT_OBJC_ISA_USAGE = YES_ERROR;
				CLANG_WARN_DOCUMENTATION_COMMENTS = YES;
				CLANG_WARN_EMPTY_BODY = YES;
				CLANG_WARN_ENUM_CONVERSION = YES;
				CLANG_WARN_INFINITE_RECURSION = YES;
				CLANG_WARN_INT_CONVERSION = YES;
				CLANG_WARN_NON_LITERAL_NULL_CONVERSION = YES;
				CLANG_WARN_OBJC_IMPLICIT_RETAIN_SELF = YES;
				CLANG_WARN_OBJC_LITERAL_CONVERSION = YES;
				CLANG_WARN_OBJC_ROOT_CLASS = YES_ERROR;
				CLANG_WARN_RANGE_LOOP_ANALYSIS = YES;
				CLANG_WARN_STRICT_PROTOTYPES = YES;
				CLANG_WARN_SUSPICIOUS_MOVE = YES;
				CLANG_WARN_UNGUARDED_AVAILABILITY = YES_AGGRESSIVE;
				CLANG_WARN_UNREACHABLE_CODE = YES;
				CLANG_WARN__DUPLICATE_METHOD_MATCH = YES;
				COPY_PHASE_STRIP = NO;
				DEBUG_INFORMATION_FORMAT = "dwarf-with-dsym";
				ENABLE_NS_ASSERTIONS = NO;
				ENABLE_STRICT_OBJC_MSGSEND = YES;
				GCC_C_LANGUAGE_STANDARD = gnu11;
				GCC_NO_COMMON_BLOCKS = YES;
				GCC_WARN_64_TO_32_BIT_CONVERSION = YES;
				GCC_WARN_ABOUT_RETURN_TYPE = YES_ERROR;
				GCC_WARN_UNDECLARED_SELECTOR = YES;
				GCC_WARN_UNINITIALIZED_AUTOS = YES_AGGRESSIVE;
				GCC_WARN_UNUSED_FUNCTION = YES;
				GCC_WARN_UNUSED_VARIABLE = YES;
				IPHONEOS_DEPLOYMENT_TARGET = 13.2;
				MTL_ENABLE_DEBUG_INFO = NO;
				MTL_FAST_MATH = YES;
				SDKROOT = iphoneos;
				SWIFT_COMPILATION_MODE = wholemodule;
				SWIFT_OPTIMIZATION_LEVEL = "-O";
				VALIDATE_PRODUCT = YES;
			};
			name = Release;
		};
		38D8D94623E0EDF9008023CD /* Debug */ = {
			isa = XCBuildConfiguration;
			buildSettings = {
				ASSETCATALOG_COMPILER_APPICON_NAME = AppIcon;
				CODE_SIGN_STYLE = Automatic;
				INFOPLIST_FILE = OrangeTree/Info.plist;
				LD_RUNPATH_SEARCH_PATHS = (
					"$(inherited)",
					"@executable_path/Frameworks",
				);
				PRODUCT_BUNDLE_IDENTIFIER = com.makeschool.OrangeTree;
				PRODUCT_NAME = "$(TARGET_NAME)";
				SWIFT_VERSION = 5.0;
				TARGETED_DEVICE_FAMILY = "1,2";
			};
			name = Debug;
		};
		38D8D94723E0EDF9008023CD /* Release */ = {
			isa = XCBuildConfiguration;
			buildSettings = {
				ASSETCATALOG_COMPILER_APPICON_NAME = AppIcon;
				CODE_SIGN_STYLE = Automatic;
				INFOPLIST_FILE = OrangeTree/Info.plist;
				LD_RUNPATH_SEARCH_PATHS = (
					"$(inherited)",
					"@executable_path/Frameworks",
				);
				PRODUCT_BUNDLE_IDENTIFIER = com.makeschool.OrangeTree;
				PRODUCT_NAME = "$(TARGET_NAME)";
				SWIFT_VERSION = 5.0;
				TARGETED_DEVICE_FAMILY = "1,2";
			};
			name = Release;
		};
/* End XCBuildConfiguration section */

/* Begin XCConfigurationList section */
		38D8D92823E0EDF6008023CD /* Build configuration list for PBXProject "OrangeTree" */ = {
			isa = XCConfigurationList;
			buildConfigurations = (
				38D8D94323E0EDF9008023CD /* Debug */,
				38D8D94423E0EDF9008023CD /* Release */,
			);
			defaultConfigurationIsVisible = 0;
			defaultConfigurationName = Release;
		};
		38D8D94523E0EDF9008023CD /* Build configuration list for PBXNativeTarget "OrangeTree" */ = {
			isa = XCConfigurationList;
			buildConfigurations = (
				38D8D94623E0EDF9008023CD /* Debug */,
				38D8D94723E0EDF9008023CD /* Release */,
			);
			defaultConfigurationIsVisible = 0;
			defaultConfigurationName = Release;
		};
/* End XCConfigurationList section */
	};
	rootObject = 38D8D92523E0EDF6008023CD /* Project object */;
}
